
Microsoft Visual Studio Solution File, Format Version 12.00
# Visual Studio Version 16
VisualStudioVersion = 16.0.30804.86
MinimumVisualStudioVersion = 10.0.40219.1
Project("{FAE04EC0-301F-11D3-BF4B-00C04F79EFBC}") = "Egyptian_sieve_method", "Egyptian_sieve_method.csproj", "{B6E1B48A-BA62-4775-8A58-70C6EC0B9978}"
EndProject
Global
	GlobalSection(SolutionConfigurationPlatforms) = preSolution
		Debug|Any CPU = Debug|Any CPU
		Release|Any CPU = Release|Any CPU
	EndGlobalSection
	GlobalSection(ProjectConfigurationPlatforms) = postSolution
		{B6E1B48A-BA62-4775-8A58-70C6EC0B9978}.Debug|Any CPU.ActiveCfg = Debug|Any CPU
		{B6E1B48A-BA62-4775-8A58-70C6EC0B9978}.Debug|Any CPU.Build.0 = Debug|Any CPU
		{B6E1B48A-BA62-4775-8A58-70C6EC0B9978}.Release|Any CPU.ActiveCfg = Release|Any CPU
		{B6E1B48A-BA62-4775-8A58-70C6EC0B9978}.Release|Any CPU.Build.0 = Release|Any CPU
	EndGlobalSection
	GlobalSection(SolutionProperties) = preSolution
		HideSolutionNode = FALSE
	EndGlobalSection
	GlobalSection(ExtensibilityGlobals) = postSolution
		SolutionGuid = {E804A5E0-FD33-427D-95FB-E5C6E5D98B3C}
	EndGlobalSection
EndGlobal
